
Microsoft Visual Studio Solution File, Format Version 12.00
# Visual Studio Version 17
VisualStudioVersion = 17.5.33530.505
MinimumVisualStudioVersion = 10.0.40219.1
Project("{FAE04EC0-301F-11D3-BF4B-00C04F79EFBC}") = "Model-Test-2.2-PIU", "Model-Test-2.2-PIU.csproj", "{78647DE4-B044-4250-9336-1E8F40013FA0}"
EndProject
Global
	GlobalSection(SolutionConfigurationPlatforms) = preSolution
		Debug|Any CPU = Debug|Any CPU
		Release|Any CPU = Release|Any CPU
	EndGlobalSection
	GlobalSection(ProjectConfigurationPlatforms) = postSolution
		{78647DE4-B044-4250-9336-1E8F40013FA0}.Debug|Any CPU.ActiveCfg = Debug|Any CPU
		{78647DE4-B044-4250-9336-1E8F40013FA0}.Debug|Any CPU.Build.0 = Debug|Any CPU
		{78647DE4-B044-4250-9336-1E8F40013FA0}.Release|Any CPU.ActiveCfg = Release|Any CPU
		{78647DE4-B044-4250-9336-1E8F40013FA0}.Release|Any CPU.Build.0 = Release|Any CPU
	EndGlobalSection
	GlobalSection(SolutionProperties) = preSolution
		HideSolutionNode = FALSE
	EndGlobalSection
	GlobalSection(ExtensibilityGlobals) = postSolution
		SolutionGuid = {ABC424A0-E65C-44B1-BA11-847B959E5C84}
	EndGlobalSection
EndGlobal
